
Microsoft Visual Studio Solution File, Format Version 12.00
# Visual Studio Version 17
VisualStudioVersion = 17.11.35208.52
MinimumVisualStudioVersion = 10.0.40219.1
Project("{9A19103F-16F7-4668-BE54-9A1E7A4F7556}") = "FirstProject1", "FirstProject1\FirstProject1.csproj", "{4FB17194-0E3A-4689-9F3E-8966039D4F7D}"
EndProject
Global
	GlobalSection(SolutionConfigurationPlatforms) = preSolution
		Debug|Any CPU = Debug|Any CPU
		Release|Any CPU = Release|Any CPU
	EndGlobalSection
	GlobalSection(ProjectConfigurationPlatforms) = postSolution
		{4FB17194-0E3A-4689-9F3E-8966039D4F7D}.Debug|Any CPU.ActiveCfg = Debug|Any CPU
		{4FB17194-0E3A-4689-9F3E-8966039D4F7D}.Debug|Any CPU.Build.0 = Debug|Any CPU
		{4FB17194-0E3A-4689-9F3E-8966039D4F7D}.Release|Any CPU.ActiveCfg = Release|Any CPU
		{4FB17194-0E3A-4689-9F3E-8966039D4F7D}.Release|Any CPU.Build.0 = Release|Any CPU
	EndGlobalSection
	GlobalSection(SolutionProperties) = preSolution
		HideSolutionNode = FALSE
	EndGlobalSection
	GlobalSection(ExtensibilityGlobals) = postSolution
		SolutionGuid = {8FB25580-2D24-4963-926A-5D196915DAD8}
	EndGlobalSection
EndGlobal
